
Microsoft Visual Studio Solution File, Format Version 12.00
# Visual Studio Version 17
VisualStudioVersion = 17.11.35303.130
MinimumVisualStudioVersion = 10.0.40219.1
Project("{FAE04EC0-301F-11D3-BF4B-00C04F79EFBC}") = "AuthorizationAPI", "AuthorizationAPI\AuthorizationAPI.csproj", "{9EBA53E5-0FD3-46B2-8920-B004993D8E42}"
EndProject
Project("{FAE04EC0-301F-11D3-BF4B-00C04F79EFBC}") = "AuthorizationAPI.Tests", "AuthorizationAPI.Tests\AuthorizationAPI.Tests.csproj", "{31CE25F2-1DE5-4640-AA09-4093AF908F38}"
EndProject
Global
	GlobalSection(SolutionConfigurationPlatforms) = preSolution
		Debug|Any CPU = Debug|Any CPU
		Release|Any CPU = Release|Any CPU
	EndGlobalSection
	GlobalSection(ProjectConfigurationPlatforms) = postSolution
		{9EBA53E5-0FD3-46B2-8920-B004993D8E42}.Debug|Any CPU.ActiveCfg = Debug|Any CPU
		{9EBA53E5-0FD3-46B2-8920-B004993D8E42}.Debug|Any CPU.Build.0 = Debug|Any CPU
		{9EBA53E5-0FD3-46B2-8920-B004993D8E42}.Release|Any CPU.ActiveCfg = Release|Any CPU
		{9EBA53E5-0FD3-46B2-8920-B004993D8E42}.Release|Any CPU.Build.0 = Release|Any CPU
		{31CE25F2-1DE5-4640-AA09-4093AF908F38}.Debug|Any CPU.ActiveCfg = Debug|Any CPU
		{31CE25F2-1DE5-4640-AA09-4093AF908F38}.Debug|Any CPU.Build.0 = Debug|Any CPU
		{31CE25F2-1DE5-4640-AA09-4093AF908F38}.Release|Any CPU.ActiveCfg = Release|Any CPU
		{31CE25F2-1DE5-4640-AA09-4093AF908F38}.Release|Any CPU.Build.0 = Release|Any CPU
	EndGlobalSection
	GlobalSection(SolutionProperties) = preSolution
		HideSolutionNode = FALSE
	EndGlobalSection
	GlobalSection(ExtensibilityGlobals) = postSolution
		SolutionGuid = {182D935E-070E-4669-A826-D4624C9596D8}
	EndGlobalSection
EndGlobal
